
Microsoft Visual Studio Solution File, Format Version 10.00
# Visual C# Express 2008
Project("{FAE04EC0-301F-11D3-BF4B-00C04F79EFBC}") = "DriverManagementTool", "DriverManagementTool.csproj", "{304E4C9A-1E3C-4C32-B936-D4FB33FE0F54}"
EndProject
Global
	GlobalSection(SolutionConfigurationPlatforms) = preSolution
		Debug|Any CPU = Debug|Any CPU
		Release|Any CPU = Release|Any CPU
	EndGlobalSection
	GlobalSection(ProjectConfigurationPlatforms) = postSolution
		{304E4C9A-1E3C-4C32-B936-D4FB33FE0F54}.Debug|Any CPU.ActiveCfg = Debug|Any CPU
		{304E4C9A-1E3C-4C32-B936-D4FB33FE0F54}.Debug|Any CPU.Build.0 = Debug|Any CPU
		{304E4C9A-1E3C-4C32-B936-D4FB33FE0F54}.Release|Any CPU.ActiveCfg = Release|Any CPU
		{304E4C9A-1E3C-4C32-B936-D4FB33FE0F54}.Release|Any CPU.Build.0 = Release|Any CPU
	EndGlobalSection
	GlobalSection(SolutionProperties) = preSolution
		HideSolutionNode = FALSE
	EndGlobalSection
EndGlobal
