
Microsoft Visual Studio Solution File, Format Version 9.00
# Visual C++ Express 2005
Project("{8BC9CEB8-8B4A-11D0-8D11-00A0C91BC942}") = "WM_DEVICECHANGE_Demo", "WM_DEVICECHANGE_Demo.vcproj", "{1941141A-0618-45C0-8081-B386DD28A275}"
EndProject
Global
	GlobalSection(SolutionConfigurationPlatforms) = preSolution
		Debug|Win32 = Debug|Win32
		Release|Win32 = Release|Win32
	EndGlobalSection
	GlobalSection(ProjectConfigurationPlatforms) = postSolution
		{1941141A-0618-45C0-8081-B386DD28A275}.Debug|Win32.ActiveCfg = Debug|Win32
		{1941141A-0618-45C0-8081-B386DD28A275}.Debug|Win32.Build.0 = Debug|Win32
		{1941141A-0618-45C0-8081-B386DD28A275}.Release|Win32.ActiveCfg = Release|Win32
		{1941141A-0618-45C0-8081-B386DD28A275}.Release|Win32.Build.0 = Release|Win32
	EndGlobalSection
	GlobalSection(SolutionProperties) = preSolution
		HideSolutionNode = FALSE
	EndGlobalSection
EndGlobal
